
Microsoft Visual Studio Solution File, Format Version 12.00
# Visual Studio Version 17
VisualStudioVersion = 17.0.31903.59
MinimumVisualStudioVersion = 10.0.40219.1
Project("{FAE04EC0-301F-11D3-BF4B-00C04F79EFBC}") = "UrlTracker.Core", "src\UrlTracker.Core\UrlTracker.Core.csproj", "{642AB64F-B277-43D2-A9F1-330B0F7DBB3A}"
EndProject
Project("{2150E333-8FDC-42A3-9474-1A3956D46DE8}") = "Solution items", "Solution items", "{9C55C7DF-D9FD-48E4-B0E7-7A1BAA9054CA}"
	ProjectSection(SolutionItems) = preProject
		.editorconfig = .editorconfig
		.gitignore = .gitignore
		.runsettings = .runsettings
		azure-pipelines.yml = azure-pipelines.yml
		GitVersion.yml = GitVersion.yml
		LICENSE = LICENSE
		nuget.config = nuget.config
		README.md = README.md
		readme.txt = readme.txt
		UrlTracker.nuspec = UrlTracker.nuspec
	EndProjectSection
EndProject
Project("{2150E333-8FDC-42A3-9474-1A3956D46DE8}") = "src", "src", "{493556CD-1159-436E-B2D5-DB71BE417D89}"
EndProject
Project("{2150E333-8FDC-42A3-9474-1A3956D46DE8}") = "test", "test", "{400739E6-F3F1-4B2C-8E89-5837C580F43B}"
	ProjectSection(SolutionItems) = preProject
		test\Readme.md = test\Readme.md
	EndProjectSection
EndProject
Project("{FAE04EC0-301F-11D3-BF4B-00C04F79EFBC}") = "UrlTracker.Core.Tests", "test\UrlTracker.Core.Tests\UrlTracker.Core.Tests.csproj", "{075EE8C3-AC68-47E2-A43B-7A9CF1838D5C}"
EndProject
Project("{FAE04EC0-301F-11D3-BF4B-00C04F79EFBC}") = "UrlTracker.Web", "src\UrlTracker.Web\UrlTracker.Web.csproj", "{1A5CA513-3172-4735-93A6-5F84101DAFD3}"
EndProject
Project("{FAE04EC0-301F-11D3-BF4B-00C04F79EFBC}") = "UrlTracker.Web.Tests", "test\UrlTracker.Web.Tests\UrlTracker.Web.Tests.csproj", "{0ED63739-5CA1-461D-B38D-130B817246EC}"
EndProject
Project("{FAE04EC0-301F-11D3-BF4B-00C04F79EFBC}") = "UrlTracker.Resources.Testing", "test\UrlTracker.Resources.Testing\UrlTracker.Resources.Testing.csproj", "{219BE6EB-0EB0-46DC-8DB7-19F5ED102DC1}"
EndProject
Project("{FAE04EC0-301F-11D3-BF4B-00C04F79EFBC}") = "UrlTracker.Resources.Website", "test\UrlTracker.Resources.Website\UrlTracker.Resources.Website.csproj", "{C2687A10-BE9B-4C02-9B8C-4F087B1732E2}"
EndProject
Project("{FAE04EC0-301F-11D3-BF4B-00C04F79EFBC}") = "UrlTracker.E2eTests", "test\UrlTracker.E2eTests\UrlTracker.E2eTests.csproj", "{0A18E2F8-447B-469F-AFDD-EF3E048D81E4}"
	ProjectSection(ProjectDependencies) = postProject
		{C2687A10-BE9B-4C02-9B8C-4F087B1732E2} = {C2687A10-BE9B-4C02-9B8C-4F087B1732E2}
	EndProjectSection
EndProject
Project("{2150E333-8FDC-42A3-9474-1A3956D46DE8}") = "resources", "resources", "{C622C7E9-F362-4B99-BD12-36DFDDFEF8EA}"
EndProject
Global
	GlobalSection(SolutionConfigurationPlatforms) = preSolution
		Debug|Any CPU = Debug|Any CPU
		Release|Any CPU = Release|Any CPU
		Testing|Any CPU = Testing|Any CPU
	EndGlobalSection
	GlobalSection(ProjectConfigurationPlatforms) = postSolution
		{642AB64F-B277-43D2-A9F1-330B0F7DBB3A}.Debug|Any CPU.ActiveCfg = Debug|Any CPU
		{642AB64F-B277-43D2-A9F1-330B0F7DBB3A}.Debug|Any CPU.Build.0 = Debug|Any CPU
		{642AB64F-B277-43D2-A9F1-330B0F7DBB3A}.Release|Any CPU.ActiveCfg = Release|Any CPU
		{642AB64F-B277-43D2-A9F1-330B0F7DBB3A}.Release|Any CPU.Build.0 = Release|Any CPU
		{642AB64F-B277-43D2-A9F1-330B0F7DBB3A}.Testing|Any CPU.ActiveCfg = Release|Any CPU
		{642AB64F-B277-43D2-A9F1-330B0F7DBB3A}.Testing|Any CPU.Build.0 = Release|Any CPU
		{075EE8C3-AC68-47E2-A43B-7A9CF1838D5C}.Debug|Any CPU.ActiveCfg = Debug|Any CPU
		{075EE8C3-AC68-47E2-A43B-7A9CF1838D5C}.Debug|Any CPU.Build.0 = Debug|Any CPU
		{075EE8C3-AC68-47E2-A43B-7A9CF1838D5C}.Release|Any CPU.ActiveCfg = Release|Any CPU
		{075EE8C3-AC68-47E2-A43B-7A9CF1838D5C}.Release|Any CPU.Build.0 = Release|Any CPU
		{075EE8C3-AC68-47E2-A43B-7A9CF1838D5C}.Testing|Any CPU.ActiveCfg = Debug|Any CPU
		{075EE8C3-AC68-47E2-A43B-7A9CF1838D5C}.Testing|Any CPU.Build.0 = Debug|Any CPU
		{1A5CA513-3172-4735-93A6-5F84101DAFD3}.Debug|Any CPU.ActiveCfg = Debug|Any CPU
		{1A5CA513-3172-4735-93A6-5F84101DAFD3}.Debug|Any CPU.Build.0 = Debug|Any CPU
		{1A5CA513-3172-4735-93A6-5F84101DAFD3}.Release|Any CPU.ActiveCfg = Release|Any CPU
		{1A5CA513-3172-4735-93A6-5F84101DAFD3}.Release|Any CPU.Build.0 = Release|Any CPU
		{1A5CA513-3172-4735-93A6-5F84101DAFD3}.Testing|Any CPU.ActiveCfg = Debug|Any CPU
		{1A5CA513-3172-4735-93A6-5F84101DAFD3}.Testing|Any CPU.Build.0 = Debug|Any CPU
		{0ED63739-5CA1-461D-B38D-130B817246EC}.Debug|Any CPU.ActiveCfg = Debug|Any CPU
		{0ED63739-5CA1-461D-B38D-130B817246EC}.Debug|Any CPU.Build.0 = Debug|Any CPU
		{0ED63739-5CA1-461D-B38D-130B817246EC}.Release|Any CPU.ActiveCfg = Release|Any CPU
		{0ED63739-5CA1-461D-B38D-130B817246EC}.Release|Any CPU.Build.0 = Release|Any CPU
		{0ED63739-5CA1-461D-B38D-130B817246EC}.Testing|Any CPU.ActiveCfg = Debug|Any CPU
		{0ED63739-5CA1-461D-B38D-130B817246EC}.Testing|Any CPU.Build.0 = Debug|Any CPU
		{219BE6EB-0EB0-46DC-8DB7-19F5ED102DC1}.Debug|Any CPU.ActiveCfg = Debug|Any CPU
		{219BE6EB-0EB0-46DC-8DB7-19F5ED102DC1}.Debug|Any CPU.Build.0 = Debug|Any CPU
		{219BE6EB-0EB0-46DC-8DB7-19F5ED102DC1}.Release|Any CPU.ActiveCfg = Release|Any CPU
		{219BE6EB-0EB0-46DC-8DB7-19F5ED102DC1}.Release|Any CPU.Build.0 = Release|Any CPU
		{219BE6EB-0EB0-46DC-8DB7-19F5ED102DC1}.Testing|Any CPU.ActiveCfg = Debug|Any CPU
		{219BE6EB-0EB0-46DC-8DB7-19F5ED102DC1}.Testing|Any CPU.Build.0 = Debug|Any CPU
		{C2687A10-BE9B-4C02-9B8C-4F087B1732E2}.Debug|Any CPU.ActiveCfg = Debug|Any CPU
		{C2687A10-BE9B-4C02-9B8C-4F087B1732E2}.Debug|Any CPU.Build.0 = Debug|Any CPU
		{C2687A10-BE9B-4C02-9B8C-4F087B1732E2}.Release|Any CPU.ActiveCfg = Release|Any CPU
		{C2687A10-BE9B-4C02-9B8C-4F087B1732E2}.Release|Any CPU.Build.0 = Release|Any CPU
		{C2687A10-BE9B-4C02-9B8C-4F087B1732E2}.Testing|Any CPU.ActiveCfg = Debug|Any CPU
		{C2687A10-BE9B-4C02-9B8C-4F087B1732E2}.Testing|Any CPU.Build.0 = Debug|Any CPU
		{0A18E2F8-447B-469F-AFDD-EF3E048D81E4}.Debug|Any CPU.ActiveCfg = Debug|Any CPU
		{0A18E2F8-447B-469F-AFDD-EF3E048D81E4}.Debug|Any CPU.Build.0 = Debug|Any CPU
		{0A18E2F8-447B-469F-AFDD-EF3E048D81E4}.Release|Any CPU.ActiveCfg = Release|Any CPU
		{0A18E2F8-447B-469F-AFDD-EF3E048D81E4}.Release|Any CPU.Build.0 = Release|Any CPU
		{0A18E2F8-447B-469F-AFDD-EF3E048D81E4}.Testing|Any CPU.ActiveCfg = Debug|Any CPU
		{0A18E2F8-447B-469F-AFDD-EF3E048D81E4}.Testing|Any CPU.Build.0 = Debug|Any CPU
	EndGlobalSection
	GlobalSection(SolutionProperties) = preSolution
		HideSolutionNode = FALSE
	EndGlobalSection
	GlobalSection(NestedProjects) = preSolution
		{642AB64F-B277-43D2-A9F1-330B0F7DBB3A} = {493556CD-1159-436E-B2D5-DB71BE417D89}
		{075EE8C3-AC68-47E2-A43B-7A9CF1838D5C} = {400739E6-F3F1-4B2C-8E89-5837C580F43B}
		{1A5CA513-3172-4735-93A6-5F84101DAFD3} = {493556CD-1159-436E-B2D5-DB71BE417D89}
		{0ED63739-5CA1-461D-B38D-130B817246EC} = {400739E6-F3F1-4B2C-8E89-5837C580F43B}
		{219BE6EB-0EB0-46DC-8DB7-19F5ED102DC1} = {C622C7E9-F362-4B99-BD12-36DFDDFEF8EA}
		{C2687A10-BE9B-4C02-9B8C-4F087B1732E2} = {C622C7E9-F362-4B99-BD12-36DFDDFEF8EA}
		{0A18E2F8-447B-469F-AFDD-EF3E048D81E4} = {400739E6-F3F1-4B2C-8E89-5837C580F43B}
		{C622C7E9-F362-4B99-BD12-36DFDDFEF8EA} = {400739E6-F3F1-4B2C-8E89-5837C580F43B}
	EndGlobalSection
	GlobalSection(ExtensibilityGlobals) = postSolution
		SolutionGuid = {F7A3B885-CC2B-4B7E-9BB8-EAD87660F5ED}
	EndGlobalSection
EndGlobal
