
Microsoft Visual Studio Solution File, Format Version 12.00
# Visual Studio Version 17
VisualStudioVersion = 17.0.32126.317
MinimumVisualStudioVersion = 10.0.40219.1
Project("{2150E333-8FDC-42A3-9474-1A3956D46DE8}") = "src", "src", "{C4986CC0-AF43-4F60-96FC-EE6C8F864348}"
EndProject
Project("{9A19103F-16F7-4668-BE54-9A1E7A4F7556}") = "UrlTracker.Core", "src\UrlTracker.Core\UrlTracker.Core.csproj", "{9C136798-C236-4A04-BBC9-36249BFD9DA6}"
EndProject
Project("{9A19103F-16F7-4668-BE54-9A1E7A4F7556}") = "UrlTracker.Web", "src\UrlTracker.Web\UrlTracker.Web.csproj", "{0BBFE177-646A-4A18-94E4-958904759D23}"
EndProject
Project("{2150E333-8FDC-42A3-9474-1A3956D46DE8}") = "test", "test", "{F454E566-AD84-43CA-85E0-657FF3B90FB3}"
EndProject
Project("{9A19103F-16F7-4668-BE54-9A1E7A4F7556}") = "UrlTracker.Core.Tests", "test\UrlTracker.Core.Tests\UrlTracker.Core.Tests.csproj", "{448E295B-F2A4-4AA8-9CEB-6CC61AAB0787}"
EndProject
Project("{9A19103F-16F7-4668-BE54-9A1E7A4F7556}") = "UrlTracker.Web.Tests", "test\UrlTracker.Web.Tests\UrlTracker.Web.Tests.csproj", "{AF41111A-3E2F-4C18-B145-7F19F664F6A1}"
EndProject
Project("{2150E333-8FDC-42A3-9474-1A3956D46DE8}") = "resources", "resources", "{CEC38295-972E-469F-A5E0-3CFB09DA1567}"
EndProject
Project("{9A19103F-16F7-4668-BE54-9A1E7A4F7556}") = "UrlTracker.Resources.Testing", "test\UrlTracker.Resources.Testing\UrlTracker.Resources.Testing.csproj", "{3FCA185E-92FE-4C69-80C5-22A248D6B2BA}"
EndProject
Project("{9A19103F-16F7-4668-BE54-9A1E7A4F7556}") = "UrlTracker.Resources.Website", "test\UrlTracker.Resources.Website\UrlTracker.Resources.Website.csproj", "{AA1972CB-5B7B-4CE1-B995-AAAB457D670F}"
EndProject
Project("{2150E333-8FDC-42A3-9474-1A3956D46DE8}") = "Solution Items", "Solution Items", "{90A09092-1D04-48DE-94F5-EC83EA180181}"
	ProjectSection(SolutionItems) = preProject
		.editorconfig = .editorconfig
		.gitignore = .gitignore
		.runsettings = .runsettings
		azure-pipelines.yml = azure-pipelines.yml
		GitVersion.yml = GitVersion.yml
		LICENSE = LICENSE
		nuget.config = nuget.config
		README-NUGET.md = README-NUGET.md
		README.md = README.md
		readme.txt = readme.txt
	EndProjectSection
EndProject
Project("{9A19103F-16F7-4668-BE54-9A1E7A4F7556}") = "UrlTracker.IntegrationTests", "test\UrlTracker.IntegrationTests\UrlTracker.IntegrationTests.csproj", "{BCAFC873-CA5D-418F-9CF2-4D3A86AD9084}"
EndProject
Global
	GlobalSection(SolutionConfigurationPlatforms) = preSolution
		Debug|Any CPU = Debug|Any CPU
		Release|Any CPU = Release|Any CPU
	EndGlobalSection
	GlobalSection(ProjectConfigurationPlatforms) = postSolution
		{9C136798-C236-4A04-BBC9-36249BFD9DA6}.Debug|Any CPU.ActiveCfg = Debug|Any CPU
		{9C136798-C236-4A04-BBC9-36249BFD9DA6}.Debug|Any CPU.Build.0 = Debug|Any CPU
		{9C136798-C236-4A04-BBC9-36249BFD9DA6}.Release|Any CPU.ActiveCfg = Release|Any CPU
		{9C136798-C236-4A04-BBC9-36249BFD9DA6}.Release|Any CPU.Build.0 = Release|Any CPU
		{0BBFE177-646A-4A18-94E4-958904759D23}.Debug|Any CPU.ActiveCfg = Debug|Any CPU
		{0BBFE177-646A-4A18-94E4-958904759D23}.Debug|Any CPU.Build.0 = Debug|Any CPU
		{0BBFE177-646A-4A18-94E4-958904759D23}.Release|Any CPU.ActiveCfg = Release|Any CPU
		{0BBFE177-646A-4A18-94E4-958904759D23}.Release|Any CPU.Build.0 = Release|Any CPU
		{448E295B-F2A4-4AA8-9CEB-6CC61AAB0787}.Debug|Any CPU.ActiveCfg = Debug|Any CPU
		{448E295B-F2A4-4AA8-9CEB-6CC61AAB0787}.Debug|Any CPU.Build.0 = Debug|Any CPU
		{448E295B-F2A4-4AA8-9CEB-6CC61AAB0787}.Release|Any CPU.ActiveCfg = Release|Any CPU
		{448E295B-F2A4-4AA8-9CEB-6CC61AAB0787}.Release|Any CPU.Build.0 = Release|Any CPU
		{AF41111A-3E2F-4C18-B145-7F19F664F6A1}.Debug|Any CPU.ActiveCfg = Debug|Any CPU
		{AF41111A-3E2F-4C18-B145-7F19F664F6A1}.Debug|Any CPU.Build.0 = Debug|Any CPU
		{AF41111A-3E2F-4C18-B145-7F19F664F6A1}.Release|Any CPU.ActiveCfg = Release|Any CPU
		{AF41111A-3E2F-4C18-B145-7F19F664F6A1}.Release|Any CPU.Build.0 = Release|Any CPU
		{3FCA185E-92FE-4C69-80C5-22A248D6B2BA}.Debug|Any CPU.ActiveCfg = Debug|Any CPU
		{3FCA185E-92FE-4C69-80C5-22A248D6B2BA}.Debug|Any CPU.Build.0 = Debug|Any CPU
		{3FCA185E-92FE-4C69-80C5-22A248D6B2BA}.Release|Any CPU.ActiveCfg = Release|Any CPU
		{3FCA185E-92FE-4C69-80C5-22A248D6B2BA}.Release|Any CPU.Build.0 = Release|Any CPU
		{AA1972CB-5B7B-4CE1-B995-AAAB457D670F}.Debug|Any CPU.ActiveCfg = Debug|Any CPU
		{AA1972CB-5B7B-4CE1-B995-AAAB457D670F}.Debug|Any CPU.Build.0 = Debug|Any CPU
		{AA1972CB-5B7B-4CE1-B995-AAAB457D670F}.Release|Any CPU.ActiveCfg = Release|Any CPU
		{AA1972CB-5B7B-4CE1-B995-AAAB457D670F}.Release|Any CPU.Build.0 = Release|Any CPU
		{BCAFC873-CA5D-418F-9CF2-4D3A86AD9084}.Debug|Any CPU.ActiveCfg = Debug|Any CPU
		{BCAFC873-CA5D-418F-9CF2-4D3A86AD9084}.Debug|Any CPU.Build.0 = Debug|Any CPU
		{BCAFC873-CA5D-418F-9CF2-4D3A86AD9084}.Release|Any CPU.ActiveCfg = Release|Any CPU
		{BCAFC873-CA5D-418F-9CF2-4D3A86AD9084}.Release|Any CPU.Build.0 = Release|Any CPU
	EndGlobalSection
	GlobalSection(SolutionProperties) = preSolution
		HideSolutionNode = FALSE
	EndGlobalSection
	GlobalSection(NestedProjects) = preSolution
		{9C136798-C236-4A04-BBC9-36249BFD9DA6} = {C4986CC0-AF43-4F60-96FC-EE6C8F864348}
		{0BBFE177-646A-4A18-94E4-958904759D23} = {C4986CC0-AF43-4F60-96FC-EE6C8F864348}
		{448E295B-F2A4-4AA8-9CEB-6CC61AAB0787} = {F454E566-AD84-43CA-85E0-657FF3B90FB3}
		{AF41111A-3E2F-4C18-B145-7F19F664F6A1} = {F454E566-AD84-43CA-85E0-657FF3B90FB3}
		{CEC38295-972E-469F-A5E0-3CFB09DA1567} = {F454E566-AD84-43CA-85E0-657FF3B90FB3}
		{3FCA185E-92FE-4C69-80C5-22A248D6B2BA} = {CEC38295-972E-469F-A5E0-3CFB09DA1567}
		{AA1972CB-5B7B-4CE1-B995-AAAB457D670F} = {CEC38295-972E-469F-A5E0-3CFB09DA1567}
		{BCAFC873-CA5D-418F-9CF2-4D3A86AD9084} = {F454E566-AD84-43CA-85E0-657FF3B90FB3}
	EndGlobalSection
	GlobalSection(ExtensibilityGlobals) = postSolution
		SolutionGuid = {2A93C850-66CA-47C8-91B7-ED5BB1BE2A02}
	EndGlobalSection
EndGlobal
